
Microsoft Visual Studio Solution File, Format Version 11.00
# Visual Studio 2010
Project("{8BC9CEB8-8B4A-11D0-8D11-00A0C91BC942}") = "cppreview20150701", "cppreview20150701.vcxproj", "{BDE02976-7F4D-43CD-ACE4-682880F75DE5}"
EndProject
Global
	GlobalSection(SolutionConfigurationPlatforms) = preSolution
		Debug|Win32 = Debug|Win32
		Release|Win32 = Release|Win32
	EndGlobalSection
	GlobalSection(ProjectConfigurationPlatforms) = postSolution
		{BDE02976-7F4D-43CD-ACE4-682880F75DE5}.Debug|Win32.ActiveCfg = Debug|Win32
		{BDE02976-7F4D-43CD-ACE4-682880F75DE5}.Debug|Win32.Build.0 = Debug|Win32
		{BDE02976-7F4D-43CD-ACE4-682880F75DE5}.Release|Win32.ActiveCfg = Release|Win32
		{BDE02976-7F4D-43CD-ACE4-682880F75DE5}.Release|Win32.Build.0 = Release|Win32
	EndGlobalSection
	GlobalSection(SolutionProperties) = preSolution
		HideSolutionNode = FALSE
	EndGlobalSection
EndGlobal
